
Microsoft Visual Studio Solution File, Format Version 12.00
# Visual Studio Version 17
VisualStudioVersion = 17.6.33801.468
MinimumVisualStudioVersion = 10.0.40219.1
Project("{FAE04EC0-301F-11D3-BF4B-00C04F79EFBC}") = "Assignment2GemHunters", "Assignment2GemHunters\Assignment2GemHunters.csproj", "{A9BA0176-0CA2-422F-9F8E-B8D09F49CF0F}"
EndProject
Global
	GlobalSection(SolutionConfigurationPlatforms) = preSolution
		Debug|Any CPU = Debug|Any CPU
		Release|Any CPU = Release|Any CPU
	EndGlobalSection
	GlobalSection(ProjectConfigurationPlatforms) = postSolution
		{A9BA0176-0CA2-422F-9F8E-B8D09F49CF0F}.Debug|Any CPU.ActiveCfg = Debug|Any CPU
		{A9BA0176-0CA2-422F-9F8E-B8D09F49CF0F}.Debug|Any CPU.Build.0 = Debug|Any CPU
		{A9BA0176-0CA2-422F-9F8E-B8D09F49CF0F}.Release|Any CPU.ActiveCfg = Release|Any CPU
		{A9BA0176-0CA2-422F-9F8E-B8D09F49CF0F}.Release|Any CPU.Build.0 = Release|Any CPU
	EndGlobalSection
	GlobalSection(SolutionProperties) = preSolution
		HideSolutionNode = FALSE
	EndGlobalSection
	GlobalSection(ExtensibilityGlobals) = postSolution
		SolutionGuid = {7A1FB1CF-D894-4BDA-8AE2-0443C371917F}
	EndGlobalSection
EndGlobal
